
Microsoft Visual Studio Solution File, Format Version 12.00
# Visual Studio Version 16
VisualStudioVersion = 16.0.31613.86
MinimumVisualStudioVersion = 10.0.40219.1
Project("{FAE04EC0-301F-11D3-BF4B-00C04F79EFBC}") = "Lesson-1", "Lesson-1.csproj", "{DFB83ADD-CEC3-4E49-9E67-D1969CEDD7B1}"
EndProject
Global
	GlobalSection(SolutionConfigurationPlatforms) = preSolution
		Debug|Any CPU = Debug|Any CPU
		Release|Any CPU = Release|Any CPU
	EndGlobalSection
	GlobalSection(ProjectConfigurationPlatforms) = postSolution
		{DFB83ADD-CEC3-4E49-9E67-D1969CEDD7B1}.Debug|Any CPU.ActiveCfg = Debug|Any CPU
		{DFB83ADD-CEC3-4E49-9E67-D1969CEDD7B1}.Debug|Any CPU.Build.0 = Debug|Any CPU
		{DFB83ADD-CEC3-4E49-9E67-D1969CEDD7B1}.Release|Any CPU.ActiveCfg = Release|Any CPU
		{DFB83ADD-CEC3-4E49-9E67-D1969CEDD7B1}.Release|Any CPU.Build.0 = Release|Any CPU
	EndGlobalSection
	GlobalSection(SolutionProperties) = preSolution
		HideSolutionNode = FALSE
	EndGlobalSection
	GlobalSection(ExtensibilityGlobals) = postSolution
		SolutionGuid = {9F21B5EE-96F8-41A8-94A4-5579637F1CB5}
	EndGlobalSection
EndGlobal
